
Microsoft Visual Studio Solution File, Format Version 11.00
# Visual Studio 2010
Project("{FAE04EC0-301F-11D3-BF4B-00C04F79EFBC}") = "JustMyTicket", "JustMyTicket\JustMyTicket.csproj", "{AF7C772C-D0BE-4BD5-B851-B82C85DD71FB}"
	ProjectSection(ProjectDependencies) = postProject
		{05BD2253-BFA0-4033-ACBA-B6B0F1F22BA6} = {05BD2253-BFA0-4033-ACBA-B6B0F1F22BA6}
	EndProjectSection
EndProject
Project("{FAE04EC0-301F-11D3-BF4B-00C04F79EFBC}") = "BusWCF", "BusWCF\BusWCF.csproj", "{05BD2253-BFA0-4033-ACBA-B6B0F1F22BA6}"
EndProject
Global
	GlobalSection(SolutionConfigurationPlatforms) = preSolution
		Debug|Any CPU = Debug|Any CPU
		Release|Any CPU = Release|Any CPU
	EndGlobalSection
	GlobalSection(ProjectConfigurationPlatforms) = postSolution
		{AF7C772C-D0BE-4BD5-B851-B82C85DD71FB}.Debug|Any CPU.ActiveCfg = Debug|Any CPU
		{AF7C772C-D0BE-4BD5-B851-B82C85DD71FB}.Debug|Any CPU.Build.0 = Debug|Any CPU
		{AF7C772C-D0BE-4BD5-B851-B82C85DD71FB}.Debug|Any CPU.Deploy.0 = Debug|Any CPU
		{AF7C772C-D0BE-4BD5-B851-B82C85DD71FB}.Release|Any CPU.ActiveCfg = Release|Any CPU
		{AF7C772C-D0BE-4BD5-B851-B82C85DD71FB}.Release|Any CPU.Build.0 = Release|Any CPU
		{AF7C772C-D0BE-4BD5-B851-B82C85DD71FB}.Release|Any CPU.Deploy.0 = Release|Any CPU
		{05BD2253-BFA0-4033-ACBA-B6B0F1F22BA6}.Debug|Any CPU.ActiveCfg = Debug|Any CPU
		{05BD2253-BFA0-4033-ACBA-B6B0F1F22BA6}.Debug|Any CPU.Build.0 = Debug|Any CPU
		{05BD2253-BFA0-4033-ACBA-B6B0F1F22BA6}.Release|Any CPU.ActiveCfg = Release|Any CPU
		{05BD2253-BFA0-4033-ACBA-B6B0F1F22BA6}.Release|Any CPU.Build.0 = Release|Any CPU
	EndGlobalSection
	GlobalSection(SolutionProperties) = preSolution
		HideSolutionNode = FALSE
	EndGlobalSection
EndGlobal
